
Microsoft Visual Studio Solution File, Format Version 12.00
# Visual Studio Version 17
VisualStudioVersion = 17.6.33829.357
MinimumVisualStudioVersion = 10.0.40219.1
Project("{FAE04EC0-301F-11D3-BF4B-00C04F79EFBC}") = "FOGGY_Library", "FOGGY_Library\FOGGY_Library.csproj", "{12632BA4-EDD7-4B56-AA20-6A9715F7D356}"
EndProject
Global
	GlobalSection(SolutionConfigurationPlatforms) = preSolution
		Debug|Any CPU = Debug|Any CPU
		Release|Any CPU = Release|Any CPU
	EndGlobalSection
	GlobalSection(ProjectConfigurationPlatforms) = postSolution
		{12632BA4-EDD7-4B56-AA20-6A9715F7D356}.Debug|Any CPU.ActiveCfg = Debug|Any CPU
		{12632BA4-EDD7-4B56-AA20-6A9715F7D356}.Debug|Any CPU.Build.0 = Debug|Any CPU
		{12632BA4-EDD7-4B56-AA20-6A9715F7D356}.Release|Any CPU.ActiveCfg = Release|Any CPU
		{12632BA4-EDD7-4B56-AA20-6A9715F7D356}.Release|Any CPU.Build.0 = Release|Any CPU
	EndGlobalSection
	GlobalSection(SolutionProperties) = preSolution
		HideSolutionNode = FALSE
	EndGlobalSection
	GlobalSection(ExtensibilityGlobals) = postSolution
		SolutionGuid = {E5456A9B-A267-4562-8E7F-5B1024C90572}
	EndGlobalSection
EndGlobal
